Microsoft Visual Studio Solution File, Format Version 12.00
# Visual Studio Version 17
VisualStudioVersion = 17.5.2.0
MinimumVisualStudioVersion = 10.0.40219.1
Project("{FAE04EC0-301F-11D3-BF4B-00C04F79EFBC}") = "BankLoanSystem", "BankLoanSystem.csproj", "{7E7AF536-98D4-C049-0A7A-510783DC0906}"
EndProject
Global
	GlobalSection(SolutionConfigurationPlatforms) = preSolution
		Debug|Any CPU = Debug|Any CPU
		Release|Any CPU = Release|Any CPU
	EndGlobalSection
	GlobalSection(ProjectConfigurationPlatforms) = postSolution
		{7E7AF536-98D4-C049-0A7A-510783DC0906}.Debug|Any CPU.ActiveCfg = Debug|Any CPU
		{7E7AF536-98D4-C049-0A7A-510783DC0906}.Debug|Any CPU.Build.0 = Debug|Any CPU
		{7E7AF536-98D4-C049-0A7A-510783DC0906}.Release|Any CPU.ActiveCfg = Release|Any CPU
		{7E7AF536-98D4-C049-0A7A-510783DC0906}.Release|Any CPU.Build.0 = Release|Any CPU
	EndGlobalSection
	GlobalSection(SolutionProperties) = preSolution
		HideSolutionNode = FALSE
	EndGlobalSection
	GlobalSection(ExtensibilityGlobals) = postSolution
		SolutionGuid = {43AF4216-0D5A-4137-A70D-511E3B4378D2}
	EndGlobalSection
EndGlobal
